
Microsoft Visual Studio Solution File, Format Version 12.00
# Visual Studio Version 16
VisualStudioVersion = 16.0.30611.23
MinimumVisualStudioVersion = 10.0.40219.1
Project("{FAE04EC0-301F-11D3-BF4B-00C04F79EFBC}") = "CadastroPrograma", "CadastroPrograma\CadastroPrograma.csproj", "{6DBC50A3-7CD2-4343-987E-5878C2BB0F38}"
EndProject
Global
	GlobalSection(SolutionConfigurationPlatforms) = preSolution
		Debug|Any CPU = Debug|Any CPU
		Release|Any CPU = Release|Any CPU
	EndGlobalSection
	GlobalSection(ProjectConfigurationPlatforms) = postSolution
		{6DBC50A3-7CD2-4343-987E-5878C2BB0F38}.Debug|Any CPU.ActiveCfg = Debug|Any CPU
		{6DBC50A3-7CD2-4343-987E-5878C2BB0F38}.Debug|Any CPU.Build.0 = Debug|Any CPU
		{6DBC50A3-7CD2-4343-987E-5878C2BB0F38}.Release|Any CPU.ActiveCfg = Release|Any CPU
		{6DBC50A3-7CD2-4343-987E-5878C2BB0F38}.Release|Any CPU.Build.0 = Release|Any CPU
	EndGlobalSection
	GlobalSection(SolutionProperties) = preSolution
		HideSolutionNode = FALSE
	EndGlobalSection
	GlobalSection(ExtensibilityGlobals) = postSolution
		SolutionGuid = {E470DE6E-BD31-4A32-803D-21D2742AE736}
	EndGlobalSection
EndGlobal
